
Microsoft Visual Studio Solution File, Format Version 12.00
# Visual Studio 15
VisualStudioVersion = 15.0.28010.2036
MinimumVisualStudioVersion = 10.0.40219.1
Project("{8BC9CEB8-8B4A-11D0-8D11-00A0C91BC942}") = "gv_editor", "gv_rts_editor.vcxproj", "{6EC9A676-D4E1-432F-B314-879453FAA8D5}"
EndProject
Project("{8BC9CEB8-8B4A-11D0-8D11-00A0C91BC942}") = "gv_base", "..\..\gv_base\gv_base.vcxproj", "{2E81B5AE-41EA-4430-93B1-C7652217B957}"
EndProject
Project("{8BC9CEB8-8B4A-11D0-8D11-00A0C91BC942}") = "gv_framework", "..\..\gv_framework\gv_framework.vcxproj", "{ACCAC0FA-FC8C-4E6F-96CF-76137009D09E}"
EndProject
Project("{8BC9CEB8-8B4A-11D0-8D11-00A0C91BC942}") = "gv_editor_launcher", "..\gv_editor_launcher\gv_editor_launcher.vcxproj", "{D5657A2E-B0DE-44AD-AA31-2082D169255E}"
EndProject
Global
	GlobalSection(SolutionConfigurationPlatforms) = preSolution
		Debug Editor|x64 = Debug Editor|x64
		Debug Editor|x86 = Debug Editor|x86
		Debug_Android|x64 = Debug_Android|x64
		Debug_Android|x86 = Debug_Android|x86
		Debug_DLL|x64 = Debug_DLL|x64
		Debug_DLL|x86 = Debug_DLL|x86
		Debug|x64 = Debug|x64
		Debug|x86 = Debug|x86
		Release Editor|x64 = Release Editor|x64
		Release Editor|x86 = Release Editor|x86
		Release_Android|x64 = Release_Android|x64
		Release_Android|x86 = Release_Android|x86
		Release_DLL|x64 = Release_DLL|x64
		Release_DLL|x86 = Release_DLL|x86
		Release|x64 = Release|x64
		Release|x86 = Release|x86
	EndGlobalSection
	GlobalSection(ProjectConfigurationPlatforms) = postSolution
		{6EC9A676-D4E1-432F-B314-879453FAA8D5}.Debug Editor|x64.ActiveCfg = Debug_DLL|x64
		{6EC9A676-D4E1-432F-B314-879453FAA8D5}.Debug Editor|x64.Build.0 = Debug_DLL|x64
		{6EC9A676-D4E1-432F-B314-879453FAA8D5}.Debug Editor|x86.ActiveCfg = Debug_DLL|Win32
		{6EC9A676-D4E1-432F-B314-879453FAA8D5}.Debug Editor|x86.Build.0 = Debug_DLL|Win32
		{6EC9A676-D4E1-432F-B314-879453FAA8D5}.Debug_Android|x64.ActiveCfg = Debug_DLL|x64
		{6EC9A676-D4E1-432F-B314-879453FAA8D5}.Debug_Android|x64.Build.0 = Debug_DLL|x64
		{6EC9A676-D4E1-432F-B314-879453FAA8D5}.Debug_Android|x86.ActiveCfg = Debug_DLL|Win32
		{6EC9A676-D4E1-432F-B314-879453FAA8D5}.Debug_Android|x86.Build.0 = Debug_DLL|Win32
		{6EC9A676-D4E1-432F-B314-879453FAA8D5}.Debug_DLL|x64.ActiveCfg = Debug_DLL|x64
		{6EC9A676-D4E1-432F-B314-879453FAA8D5}.Debug_DLL|x64.Build.0 = Debug_DLL|x64
		{6EC9A676-D4E1-432F-B314-879453FAA8D5}.Debug_DLL|x86.ActiveCfg = Debug_DLL|Win32
		{6EC9A676-D4E1-432F-B314-879453FAA8D5}.Debug_DLL|x86.Build.0 = Debug_DLL|Win32
		{6EC9A676-D4E1-432F-B314-879453FAA8D5}.Debug|x64.ActiveCfg = Debug_DLL|x64
		{6EC9A676-D4E1-432F-B314-879453FAA8D5}.Debug|x64.Build.0 = Debug_DLL|x64
		{6EC9A676-D4E1-432F-B314-879453FAA8D5}.Debug|x86.ActiveCfg = Debug_DLL|Win32
		{6EC9A676-D4E1-432F-B314-879453FAA8D5}.Debug|x86.Build.0 = Debug_DLL|Win32
		{6EC9A676-D4E1-432F-B314-879453FAA8D5}.Release Editor|x64.ActiveCfg = Release_DLL|x64
		{6EC9A676-D4E1-432F-B314-879453FAA8D5}.Release Editor|x64.Build.0 = Release_DLL|x64
		{6EC9A676-D4E1-432F-B314-879453FAA8D5}.Release Editor|x86.ActiveCfg = Release_DLL|Win32
		{6EC9A676-D4E1-432F-B314-879453FAA8D5}.Release Editor|x86.Build.0 = Release_DLL|Win32
		{6EC9A676-D4E1-432F-B314-879453FAA8D5}.Release_Android|x64.ActiveCfg = Release_DLL|x64
		{6EC9A676-D4E1-432F-B314-879453FAA8D5}.Release_Android|x64.Build.0 = Release_DLL|x64
		{6EC9A676-D4E1-432F-B314-879453FAA8D5}.Release_Android|x86.ActiveCfg = Release_DLL|Win32
		{6EC9A676-D4E1-432F-B314-879453FAA8D5}.Release_Android|x86.Build.0 = Release_DLL|Win32
		{6EC9A676-D4E1-432F-B314-879453FAA8D5}.Release_DLL|x64.ActiveCfg = Release_DLL|x64
		{6EC9A676-D4E1-432F-B314-879453FAA8D5}.Release_DLL|x64.Build.0 = Release_DLL|x64
		{6EC9A676-D4E1-432F-B314-879453FAA8D5}.Release_DLL|x86.ActiveCfg = Release_DLL|Win32
		{6EC9A676-D4E1-432F-B314-879453FAA8D5}.Release_DLL|x86.Build.0 = Release_DLL|Win32
		{6EC9A676-D4E1-432F-B314-879453FAA8D5}.Release|x64.ActiveCfg = Release_DLL|x64
		{6EC9A676-D4E1-432F-B314-879453FAA8D5}.Release|x64.Build.0 = Release_DLL|x64
		{6EC9A676-D4E1-432F-B314-879453FAA8D5}.Release|x86.ActiveCfg = Release_DLL|Win32
		{6EC9A676-D4E1-432F-B314-879453FAA8D5}.Release|x86.Build.0 = Release_DLL|Win32
		{2E81B5AE-41EA-4430-93B1-C7652217B957}.Debug Editor|x64.ActiveCfg = Debug Editor|x64
		{2E81B5AE-41EA-4430-93B1-C7652217B957}.Debug Editor|x64.Build.0 = Debug Editor|x64
		{2E81B5AE-41EA-4430-93B1-C7652217B957}.Debug Editor|x86.ActiveCfg = Debug Editor|Win32
		{2E81B5AE-41EA-4430-93B1-C7652217B957}.Debug Editor|x86.Build.0 = Debug Editor|Win32
		{2E81B5AE-41EA-4430-93B1-C7652217B957}.Debug_Android|x64.ActiveCfg = Debug_Android|x64
		{2E81B5AE-41EA-4430-93B1-C7652217B957}.Debug_Android|x64.Build.0 = Debug_Android|x64
		{2E81B5AE-41EA-4430-93B1-C7652217B957}.Debug_Android|x86.ActiveCfg = Debug_Android|Win32
		{2E81B5AE-41EA-4430-93B1-C7652217B957}.Debug_Android|x86.Build.0 = Debug_Android|Win32
		{2E81B5AE-41EA-4430-93B1-C7652217B957}.Debug_DLL|x64.ActiveCfg = Debug_DLL|x64
		{2E81B5AE-41EA-4430-93B1-C7652217B957}.Debug_DLL|x64.Build.0 = Debug_DLL|x64
		{2E81B5AE-41EA-4430-93B1-C7652217B957}.Debug_DLL|x86.ActiveCfg = Debug_DLL|Win32
		{2E81B5AE-41EA-4430-93B1-C7652217B957}.Debug_DLL|x86.Build.0 = Debug_DLL|Win32
		{2E81B5AE-41EA-4430-93B1-C7652217B957}.Debug|x64.ActiveCfg = Debug_DLL|x64
		{2E81B5AE-41EA-4430-93B1-C7652217B957}.Debug|x64.Build.0 = Debug_DLL|x64
		{2E81B5AE-41EA-4430-93B1-C7652217B957}.Debug|x86.ActiveCfg = Debug|Win32
		{2E81B5AE-41EA-4430-93B1-C7652217B957}.Debug|x86.Build.0 = Debug|Win32
		{2E81B5AE-41EA-4430-93B1-C7652217B957}.Release Editor|x64.ActiveCfg = Release Editor|x64
		{2E81B5AE-41EA-4430-93B1-C7652217B957}.Release Editor|x64.Build.0 = Release Editor|x64
		{2E81B5AE-41EA-4430-93B1-C7652217B957}.Release Editor|x86.ActiveCfg = Release Editor|Win32
		{2E81B5AE-41EA-4430-93B1-C7652217B957}.Release Editor|x86.Build.0 = Release Editor|Win32
		{2E81B5AE-41EA-4430-93B1-C7652217B957}.Release_Android|x64.ActiveCfg = Release_Android|x64
		{2E81B5AE-41EA-4430-93B1-C7652217B957}.Release_Android|x64.Build.0 = Release_Android|x64
		{2E81B5AE-41EA-4430-93B1-C7652217B957}.Release_Android|x86.ActiveCfg = Release_Android|Win32
		{2E81B5AE-41EA-4430-93B1-C7652217B957}.Release_Android|x86.Build.0 = Release_Android|Win32
		{2E81B5AE-41EA-4430-93B1-C7652217B957}.Release_DLL|x64.ActiveCfg = Release_DLL|x64
		{2E81B5AE-41EA-4430-93B1-C7652217B957}.Release_DLL|x64.Build.0 = Release_DLL|x64
		{2E81B5AE-41EA-4430-93B1-C7652217B957}.Release_DLL|x86.ActiveCfg = Release_DLL|Win32
		{2E81B5AE-41EA-4430-93B1-C7652217B957}.Release_DLL|x86.Build.0 = Release_DLL|Win32
		{2E81B5AE-41EA-4430-93B1-C7652217B957}.Release|x64.ActiveCfg = Release|x64
		{2E81B5AE-41EA-4430-93B1-C7652217B957}.Release|x64.Build.0 = Release|x64
		{2E81B5AE-41EA-4430-93B1-C7652217B957}.Release|x86.ActiveCfg = Release|Win32
		{2E81B5AE-41EA-4430-93B1-C7652217B957}.Release|x86.Build.0 = Release|Win32
		{ACCAC0FA-FC8C-4E6F-96CF-76137009D09E}.Debug Editor|x64.ActiveCfg = Debug|x64
		{ACCAC0FA-FC8C-4E6F-96CF-76137009D09E}.Debug Editor|x64.Build.0 = Debug|x64
		{ACCAC0FA-FC8C-4E6F-96CF-76137009D09E}.Debug Editor|x86.ActiveCfg = Debug_DLL|Win32
		{ACCAC0FA-FC8C-4E6F-96CF-76137009D09E}.Debug Editor|x86.Build.0 = Debug_DLL|Win32
		{ACCAC0FA-FC8C-4E6F-96CF-76137009D09E}.Debug_Android|x64.ActiveCfg = Debug_Android|x64
		{ACCAC0FA-FC8C-4E6F-96CF-76137009D09E}.Debug_Android|x64.Build.0 = Debug_Android|x64
		{ACCAC0FA-FC8C-4E6F-96CF-76137009D09E}.Debug_Android|x86.ActiveCfg = Debug_Android|Win32
		{ACCAC0FA-FC8C-4E6F-96CF-76137009D09E}.Debug_Android|x86.Build.0 = Debug_Android|Win32
		{ACCAC0FA-FC8C-4E6F-96CF-76137009D09E}.Debug_DLL|x64.ActiveCfg = Debug_DLL|x64
		{ACCAC0FA-FC8C-4E6F-96CF-76137009D09E}.Debug_DLL|x64.Build.0 = Debug_DLL|x64
		{ACCAC0FA-FC8C-4E6F-96CF-76137009D09E}.Debug_DLL|x86.ActiveCfg = Debug_DLL|Win32
		{ACCAC0FA-FC8C-4E6F-96CF-76137009D09E}.Debug_DLL|x86.Build.0 = Debug_DLL|Win32
		{ACCAC0FA-FC8C-4E6F-96CF-76137009D09E}.Debug|x64.ActiveCfg = Debug_DLL|x64
		{ACCAC0FA-FC8C-4E6F-96CF-76137009D09E}.Debug|x64.Build.0 = Debug_DLL|x64
		{ACCAC0FA-FC8C-4E6F-96CF-76137009D09E}.Debug|x86.ActiveCfg = Debug|Win32
		{ACCAC0FA-FC8C-4E6F-96CF-76137009D09E}.Debug|x86.Build.0 = Debug|Win32
		{ACCAC0FA-FC8C-4E6F-96CF-76137009D09E}.Release Editor|x64.ActiveCfg = Release_Android|x64
		{ACCAC0FA-FC8C-4E6F-96CF-76137009D09E}.Release Editor|x64.Build.0 = Release_Android|x64
		{ACCAC0FA-FC8C-4E6F-96CF-76137009D09E}.Release Editor|x86.ActiveCfg = Release_Android|Win32
		{ACCAC0FA-FC8C-4E6F-96CF-76137009D09E}.Release Editor|x86.Build.0 = Release_Android|Win32
		{ACCAC0FA-FC8C-4E6F-96CF-76137009D09E}.Release_Android|x64.ActiveCfg = Release_Android|x64
		{ACCAC0FA-FC8C-4E6F-96CF-76137009D09E}.Release_Android|x64.Build.0 = Release_Android|x64
		{ACCAC0FA-FC8C-4E6F-96CF-76137009D09E}.Release_Android|x86.ActiveCfg = Release_Android|Win32
		{ACCAC0FA-FC8C-4E6F-96CF-76137009D09E}.Release_Android|x86.Build.0 = Release_Android|Win32
		{ACCAC0FA-FC8C-4E6F-96CF-76137009D09E}.Release_DLL|x64.ActiveCfg = Release_DLL|x64
		{ACCAC0FA-FC8C-4E6F-96CF-76137009D09E}.Release_DLL|x64.Build.0 = Release_DLL|x64
		{ACCAC0FA-FC8C-4E6F-96CF-76137009D09E}.Release_DLL|x86.ActiveCfg = Release_DLL|Win32
		{ACCAC0FA-FC8C-4E6F-96CF-76137009D09E}.Release_DLL|x86.Build.0 = Release_DLL|Win32
		{ACCAC0FA-FC8C-4E6F-96CF-76137009D09E}.Release|x64.ActiveCfg = Release|x64
		{ACCAC0FA-FC8C-4E6F-96CF-76137009D09E}.Release|x64.Build.0 = Release|x64
		{ACCAC0FA-FC8C-4E6F-96CF-76137009D09E}.Release|x86.ActiveCfg = Release|Win32
		{ACCAC0FA-FC8C-4E6F-96CF-76137009D09E}.Release|x86.Build.0 = Release|Win32
		{D5657A2E-B0DE-44AD-AA31-2082D169255E}.Debug Editor|x64.ActiveCfg = Debug|x64
		{D5657A2E-B0DE-44AD-AA31-2082D169255E}.Debug Editor|x64.Build.0 = Debug|x64
		{D5657A2E-B0DE-44AD-AA31-2082D169255E}.Debug Editor|x86.ActiveCfg = Debug|Win32
		{D5657A2E-B0DE-44AD-AA31-2082D169255E}.Debug Editor|x86.Build.0 = Debug|Win32
		{D5657A2E-B0DE-44AD-AA31-2082D169255E}.Debug_Android|x64.ActiveCfg = Debug|x64
		{D5657A2E-B0DE-44AD-AA31-2082D169255E}.Debug_Android|x64.Build.0 = Debug|x64
		{D5657A2E-B0DE-44AD-AA31-2082D169255E}.Debug_Android|x86.ActiveCfg = Debug|Win32
		{D5657A2E-B0DE-44AD-AA31-2082D169255E}.Debug_Android|x86.Build.0 = Debug|Win32
		{D5657A2E-B0DE-44AD-AA31-2082D169255E}.Debug_DLL|x64.ActiveCfg = Debug|x64
		{D5657A2E-B0DE-44AD-AA31-2082D169255E}.Debug_DLL|x64.Build.0 = Debug|x64
		{D5657A2E-B0DE-44AD-AA31-2082D169255E}.Debug_DLL|x86.ActiveCfg = Debug|Win32
		{D5657A2E-B0DE-44AD-AA31-2082D169255E}.Debug_DLL|x86.Build.0 = Debug|Win32
		{D5657A2E-B0DE-44AD-AA31-2082D169255E}.Debug|x64.ActiveCfg = Debug|x64
		{D5657A2E-B0DE-44AD-AA31-2082D169255E}.Debug|x64.Build.0 = Debug|x64
		{D5657A2E-B0DE-44AD-AA31-2082D169255E}.Debug|x86.ActiveCfg = Debug|Win32
		{D5657A2E-B0DE-44AD-AA31-2082D169255E}.Debug|x86.Build.0 = Debug|Win32
		{D5657A2E-B0DE-44AD-AA31-2082D169255E}.Release Editor|x64.ActiveCfg = Release|x64
		{D5657A2E-B0DE-44AD-AA31-2082D169255E}.Release Editor|x64.Build.0 = Release|x64
		{D5657A2E-B0DE-44AD-AA31-2082D169255E}.Release Editor|x86.ActiveCfg = Release|Win32
		{D5657A2E-B0DE-44AD-AA31-2082D169255E}.Release Editor|x86.Build.0 = Release|Win32
		{D5657A2E-B0DE-44AD-AA31-2082D169255E}.Release_Android|x64.ActiveCfg = Release|x64
		{D5657A2E-B0DE-44AD-AA31-2082D169255E}.Release_Android|x64.Build.0 = Release|x64
		{D5657A2E-B0DE-44AD-AA31-2082D169255E}.Release_Android|x86.ActiveCfg = Release|Win32
		{D5657A2E-B0DE-44AD-AA31-2082D169255E}.Release_Android|x86.Build.0 = Release|Win32
		{D5657A2E-B0DE-44AD-AA31-2082D169255E}.Release_DLL|x64.ActiveCfg = Release|x64
		{D5657A2E-B0DE-44AD-AA31-2082D169255E}.Release_DLL|x64.Build.0 = Release|x64
		{D5657A2E-B0DE-44AD-AA31-2082D169255E}.Release_DLL|x86.ActiveCfg = Release|Win32
		{D5657A2E-B0DE-44AD-AA31-2082D169255E}.Release_DLL|x86.Build.0 = Release|Win32
		{D5657A2E-B0DE-44AD-AA31-2082D169255E}.Release|x64.ActiveCfg = Release|x64
		{D5657A2E-B0DE-44AD-AA31-2082D169255E}.Release|x64.Build.0 = Release|x64
		{D5657A2E-B0DE-44AD-AA31-2082D169255E}.Release|x86.ActiveCfg = Release|Win32
		{D5657A2E-B0DE-44AD-AA31-2082D169255E}.Release|x86.Build.0 = Release|Win32
	EndGlobalSection
	GlobalSection(SolutionProperties) = preSolution
		HideSolutionNode = FALSE
	EndGlobalSection
	GlobalSection(ExtensibilityGlobals) = postSolution
		SolutionGuid = {53EBCBA8-3AF9-4472-99C1-429843C5410D}
	EndGlobalSection
EndGlobal
